
Microsoft Visual Studio Solution File, Format Version 12.00
# Visual Studio Version 17
VisualStudioVersion = 17.6.33801.468
MinimumVisualStudioVersion = 10.0.40219.1
Project("{9A19103F-16F7-4668-BE54-9A1E7A4F7556}") = "SudokuFrontend", "SudokuFrontend\SudokuFrontend.csproj", "{A8190884-5BBD-40F3-AF73-CBE95D682134}"
EndProject
Global
	GlobalSection(SolutionConfigurationPlatforms) = preSolution
		Debug|Any CPU = Debug|Any CPU
		Release|Any CPU = Release|Any CPU
	EndGlobalSection
	GlobalSection(ProjectConfigurationPlatforms) = postSolution
		{A8190884-5BBD-40F3-AF73-CBE95D682134}.Debug|Any CPU.ActiveCfg = Debug|Any CPU
		{A8190884-5BBD-40F3-AF73-CBE95D682134}.Debug|Any CPU.Build.0 = Debug|Any CPU
		{A8190884-5BBD-40F3-AF73-CBE95D682134}.Release|Any CPU.ActiveCfg = Release|Any CPU
		{A8190884-5BBD-40F3-AF73-CBE95D682134}.Release|Any CPU.Build.0 = Release|Any CPU
	EndGlobalSection
	GlobalSection(SolutionProperties) = preSolution
		HideSolutionNode = FALSE
	EndGlobalSection
	GlobalSection(ExtensibilityGlobals) = postSolution
		SolutionGuid = {008EDCCD-35CB-41FA-8D48-7EAAA596752B}
	EndGlobalSection
EndGlobal
